
Microsoft Visual Studio Solution File, Format Version 12.00
# Visual Studio 14
VisualStudioVersion = 14.0.23107.0
MinimumVisualStudioVersion = 10.0.40219.1
Project("{FAE04EC0-301F-11D3-BF4B-00C04F79EFBC}") = "ConsoleApplication2", "ConsoleApplication2\ConsoleApplication2.csproj", "{CFAFD1C4-B556-4114-93C5-335330A0AF64}"
EndProject
Global
	GlobalSection(SolutionConfigurationPlatforms) = preSolution
		Debug|Any CPU = Debug|Any CPU
		Release|Any CPU = Release|Any CPU
	EndGlobalSection
	GlobalSection(ProjectConfigurationPlatforms) = postSolution
		{CFAFD1C4-B556-4114-93C5-335330A0AF64}.Debug|Any CPU.ActiveCfg = Debug|Any CPU
		{CFAFD1C4-B556-4114-93C5-335330A0AF64}.Debug|Any CPU.Build.0 = Debug|Any CPU
		{CFAFD1C4-B556-4114-93C5-335330A0AF64}.Release|Any CPU.ActiveCfg = Release|Any CPU
		{CFAFD1C4-B556-4114-93C5-335330A0AF64}.Release|Any CPU.Build.0 = Release|Any CPU
	EndGlobalSection
	GlobalSection(SolutionProperties) = preSolution
		HideSolutionNode = FALSE
	EndGlobalSection
EndGlobal
